
Microsoft Visual Studio Solution File, Format Version 12.00
# Visual Studio 15
VisualStudioVersion = 15.0.28010.2046
MinimumVisualStudioVersion = 10.0.40219.1
Project("{FAE04EC0-301F-11D3-BF4B-00C04F79EFBC}") = "WebApi", "WebApi\WebApi.csproj", "{AE4B9AD1-495F-4B9A-8CF8-C200966E055F}"
EndProject
Project("{FAE04EC0-301F-11D3-BF4B-00C04F79EFBC}") = "Domain", "DomainClasses\Domain.csproj", "{28EA1BBA-6DB0-4D2E-BE1D-227695D1A628}"
EndProject
Project("{FAE04EC0-301F-11D3-BF4B-00C04F79EFBC}") = "DataAccess", "DataAccess\DataAccess.csproj", "{2E749C62-9F7A-4212-ABC3-810CD3474D07}"
EndProject
Project("{FAE04EC0-301F-11D3-BF4B-00C04F79EFBC}") = "DatabaseMigrations", "DatabaseMigrations\DatabaseMigrations.csproj", "{0BE3D925-0ECD-45B2-B3B7-E9A39F8B070B}"
EndProject
Global
	GlobalSection(SolutionConfigurationPlatforms) = preSolution
		Debug|Any CPU = Debug|Any CPU
		Release|Any CPU = Release|Any CPU
	EndGlobalSection
	GlobalSection(ProjectConfigurationPlatforms) = postSolution
		{AE4B9AD1-495F-4B9A-8CF8-C200966E055F}.Debug|Any CPU.ActiveCfg = Debug|Any CPU
		{AE4B9AD1-495F-4B9A-8CF8-C200966E055F}.Debug|Any CPU.Build.0 = Debug|Any CPU
		{AE4B9AD1-495F-4B9A-8CF8-C200966E055F}.Release|Any CPU.ActiveCfg = Release|Any CPU
		{AE4B9AD1-495F-4B9A-8CF8-C200966E055F}.Release|Any CPU.Build.0 = Release|Any CPU
		{28EA1BBA-6DB0-4D2E-BE1D-227695D1A628}.Debug|Any CPU.ActiveCfg = Debug|Any CPU
		{28EA1BBA-6DB0-4D2E-BE1D-227695D1A628}.Debug|Any CPU.Build.0 = Debug|Any CPU
		{28EA1BBA-6DB0-4D2E-BE1D-227695D1A628}.Release|Any CPU.ActiveCfg = Release|Any CPU
		{28EA1BBA-6DB0-4D2E-BE1D-227695D1A628}.Release|Any CPU.Build.0 = Release|Any CPU
		{2E749C62-9F7A-4212-ABC3-810CD3474D07}.Debug|Any CPU.ActiveCfg = Debug|Any CPU
		{2E749C62-9F7A-4212-ABC3-810CD3474D07}.Debug|Any CPU.Build.0 = Debug|Any CPU
		{2E749C62-9F7A-4212-ABC3-810CD3474D07}.Release|Any CPU.ActiveCfg = Release|Any CPU
		{2E749C62-9F7A-4212-ABC3-810CD3474D07}.Release|Any CPU.Build.0 = Release|Any CPU
		{0BE3D925-0ECD-45B2-B3B7-E9A39F8B070B}.Debug|Any CPU.ActiveCfg = Debug|Any CPU
		{0BE3D925-0ECD-45B2-B3B7-E9A39F8B070B}.Debug|Any CPU.Build.0 = Debug|Any CPU
		{0BE3D925-0ECD-45B2-B3B7-E9A39F8B070B}.Release|Any CPU.ActiveCfg = Release|Any CPU
		{0BE3D925-0ECD-45B2-B3B7-E9A39F8B070B}.Release|Any CPU.Build.0 = Release|Any CPU
	EndGlobalSection
	GlobalSection(SolutionProperties) = preSolution
		HideSolutionNode = FALSE
	EndGlobalSection
	GlobalSection(ExtensibilityGlobals) = postSolution
		SolutionGuid = {7AAB3084-D963-4336-B5D8-31A2DAA0849B}
	EndGlobalSection
EndGlobal
